
Microsoft Visual Studio Solution File, Format Version 12.00
# Visual Studio Version 17
VisualStudioVersion = 17.7.34031.279
MinimumVisualStudioVersion = 10.0.40219.1
Project("{FAE04EC0-301F-11D3-BF4B-00C04F79EFBC}") = "LAB-1.3-CSharp", "LAB-1.3-CSharp.csproj", "{BE69E8F5-5949-4213-BB47-4F0A2E5FDEC2}"
EndProject
Global
	GlobalSection(SolutionConfigurationPlatforms) = preSolution
		Debug|Any CPU = Debug|Any CPU
		Release|Any CPU = Release|Any CPU
	EndGlobalSection
	GlobalSection(ProjectConfigurationPlatforms) = postSolution
		{BE69E8F5-5949-4213-BB47-4F0A2E5FDEC2}.Debug|Any CPU.ActiveCfg = Debug|Any CPU
		{BE69E8F5-5949-4213-BB47-4F0A2E5FDEC2}.Debug|Any CPU.Build.0 = Debug|Any CPU
		{BE69E8F5-5949-4213-BB47-4F0A2E5FDEC2}.Release|Any CPU.ActiveCfg = Release|Any CPU
		{BE69E8F5-5949-4213-BB47-4F0A2E5FDEC2}.Release|Any CPU.Build.0 = Release|Any CPU
	EndGlobalSection
	GlobalSection(SolutionProperties) = preSolution
		HideSolutionNode = FALSE
	EndGlobalSection
	GlobalSection(ExtensibilityGlobals) = postSolution
		SolutionGuid = {77F6EDBA-2A8D-4FD7-B124-FB17B85E2AC0}
	EndGlobalSection
EndGlobal
